
Microsoft Visual Studio Solution File, Format Version 12.00
# Visual Studio Version 17
VisualStudioVersion = 17.1.32210.238
MinimumVisualStudioVersion = 10.0.40219.1
Project("{FAE04EC0-301F-11D3-BF4B-00C04F79EFBC}") = "Orvina.Console", "Orvina.Console\Orvina.Console.csproj", "{3767AC85-7BBD-4688-9331-0C24FCFD69F1}"
EndProject
Project("{FAE04EC0-301F-11D3-BF4B-00C04F79EFBC}") = "Orvina.Engine", "Orvina.Engine\Orvina.Engine.csproj", "{B3F4A000-B020-40BE-903D-E5F583AC2D0D}"
EndProject
Global
	GlobalSection(SolutionConfigurationPlatforms) = preSolution
		Debug|Any CPU = Debug|Any CPU
		Release|Any CPU = Release|Any CPU
	EndGlobalSection
	GlobalSection(ProjectConfigurationPlatforms) = postSolution
		{3767AC85-7BBD-4688-9331-0C24FCFD69F1}.Debug|Any CPU.ActiveCfg = Debug|Any CPU
		{3767AC85-7BBD-4688-9331-0C24FCFD69F1}.Debug|Any CPU.Build.0 = Debug|Any CPU
		{3767AC85-7BBD-4688-9331-0C24FCFD69F1}.Release|Any CPU.ActiveCfg = Release|Any CPU
		{3767AC85-7BBD-4688-9331-0C24FCFD69F1}.Release|Any CPU.Build.0 = Release|Any CPU
		{B3F4A000-B020-40BE-903D-E5F583AC2D0D}.Debug|Any CPU.ActiveCfg = Debug|Any CPU
		{B3F4A000-B020-40BE-903D-E5F583AC2D0D}.Debug|Any CPU.Build.0 = Debug|Any CPU
		{B3F4A000-B020-40BE-903D-E5F583AC2D0D}.Release|Any CPU.ActiveCfg = Release|Any CPU
		{B3F4A000-B020-40BE-903D-E5F583AC2D0D}.Release|Any CPU.Build.0 = Release|Any CPU
	EndGlobalSection
	GlobalSection(SolutionProperties) = preSolution
		HideSolutionNode = FALSE
	EndGlobalSection
	GlobalSection(ExtensibilityGlobals) = postSolution
		SolutionGuid = {167A7C1B-BFC6-431A-A018-4958DFB572C4}
	EndGlobalSection
EndGlobal
